// !$*UTF8*$!
{
	archiveVersion = 1;
	classes = {
	};
	objectVersion = 56;
	objects = {

/* Begin PBXBuildFile section */
		D9551A8D29C8907D005103BB /* PokemonsTrackerTests.swift in Sources */ = {isa = PBXBuildFile; fileRef = D9551A8C29C8907D005103BB /* PokemonsTrackerTests.swift */; };
		D9551A9729C904AF005103BB /* TestPokemonListModule.swift in Sources */ = {isa = PBXBuildFile; fileRef = D9551A9629C904AF005103BB /* TestPokemonListModule.swift */; };
		D9551A9A29C9143A005103BB /* TestCoreDataManager.swift in Sources */ = {isa = PBXBuildFile; fileRef = D9551A9929C9143A005103BB /* TestCoreDataManager.swift */; };
		D9551A9C29C91DB5005103BB /* CoreDataStack.swift in Sources */ = {isa = PBXBuildFile; fileRef = D9551A9B29C91DB5005103BB /* CoreDataStack.swift */; };
		D9551A9F29C9BCC8005103BB /* TestApiManager.swift in Sources */ = {isa = PBXBuildFile; fileRef = D9551A9E29C9BCC8005103BB /* TestApiManager.swift */; };
		D9551AA129CA35B8005103BB /* ImagesCollectionView.swift in Sources */ = {isa = PBXBuildFile; fileRef = D9551AA029CA35B8005103BB /* ImagesCollectionView.swift */; };
		D9551AA429CA37B8005103BB /* ImagesCollectionViewCell.swift in Sources */ = {isa = PBXBuildFile; fileRef = D9551AA329CA37B8005103BB /* ImagesCollectionViewCell.swift */; };
		D958432629C4637300728063 /* ModuleBuilder.swift in Sources */ = {isa = PBXBuildFile; fileRef = D958432529C4637300728063 /* ModuleBuilder.swift */; };
		D958432929C4B5E200728063 /* PokemonInfoViewController.swift in Sources */ = {isa = PBXBuildFile; fileRef = D958432829C4B5E200728063 /* PokemonInfoViewController.swift */; };
		D958432C29C4B5FB00728063 /* PokemonInfoPresenter.swift in Sources */ = {isa = PBXBuildFile; fileRef = D958432B29C4B5FB00728063 /* PokemonInfoPresenter.swift */; };
		D958432F29C4F68000728063 /* UIImageViewExtension.swift in Sources */ = {isa = PBXBuildFile; fileRef = D958432E29C4F68000728063 /* UIImageViewExtension.swift */; };
		D958433729C63B2700728063 /* CoreDataManager.swift in Sources */ = {isa = PBXBuildFile; fileRef = D958433629C63B2700728063 /* CoreDataManager.swift */; };
		D9A5507129C736250036556D /* PokemonModel.xcdatamodeld in Sources */ = {isa = PBXBuildFile; fileRef = D9A5506F29C736250036556D /* PokemonModel.xcdatamodeld */; };
		D9B7B8D729C7B32B008440EE /* PokemonInfo.swift in Sources */ = {isa = PBXBuildFile; fileRef = D9B7B8D629C7B32B008440EE /* PokemonInfo.swift */; };
		D9BCA80129C746AE00792E58 /* PokemonListApiModel.swift in Sources */ = {isa = PBXBuildFile; fileRef = D9BCA80029C746AE00792E58 /* PokemonListApiModel.swift */; };
		D9BCA80329C746B500792E58 /* PokemonInfoApiModel.swift in Sources */ = {isa = PBXBuildFile; fileRef = D9BCA80229C746B500792E58 /* PokemonInfoApiModel.swift */; };
		D9BCA81029C7502600792E58 /* PokemonList.swift in Sources */ = {isa = PBXBuildFile; fileRef = D9BCA80F29C7502600792E58 /* PokemonList.swift */; };
		D9BCA81229C79E4700792E58 /* Reachability.swift in Sources */ = {isa = PBXBuildFile; fileRef = D9BCA81129C79E4700792E58 /* Reachability.swift */; };
		D9DA288B29C20DE90009183A /* AppDelegate.swift in Sources */ = {isa = PBXBuildFile; fileRef = D9DA288A29C20DE90009183A /* AppDelegate.swift */; };
		D9DA288D29C20DE90009183A /* SceneDelegate.swift in Sources */ = {isa = PBXBuildFile; fileRef = D9DA288C29C20DE90009183A /* SceneDelegate.swift */; };
		D9DA288F29C20DE90009183A /* PokemonListViewController.swift in Sources */ = {isa = PBXBuildFile; fileRef = D9DA288E29C20DE90009183A /* PokemonListViewController.swift */; };
		D9DA289429C20DEE0009183A /* Assets.xcassets in Resources */ = {isa = PBXBuildFile; fileRef = D9DA289329C20DEE0009183A /* Assets.xcassets */; };
		D9DA289729C20DEE0009183A /* LaunchScreen.storyboard in Resources */ = {isa = PBXBuildFile; fileRef = D9DA289529C20DEE0009183A /* LaunchScreen.storyboard */; };
		D9DA28A629C2F7F90009183A /* PokemonListPresenter.swift in Sources */ = {isa = PBXBuildFile; fileRef = D9DA28A529C2F7F90009183A /* PokemonListPresenter.swift */; };
		D9DA28AC29C2FC910009183A /* PokemonTableViewCell.swift in Sources */ = {isa = PBXBuildFile; fileRef = D9DA28AB29C2FC910009183A /* PokemonTableViewCell.swift */; };
		D9DA28B029C3069E0009183A /* UIViewExtension.swift in Sources */ = {isa = PBXBuildFile; fileRef = D9DA28AF29C3069E0009183A /* UIViewExtension.swift */; };
		D9DA28B329C367D10009183A /* ApiManager.swift in Sources */ = {isa = PBXBuildFile; fileRef = D9DA28B229C367D10009183A /* ApiManager.swift */; };
/* End PBXBuildFile section */

/* Begin PBXContainerItemProxy section */
		D9551A8E29C8907D005103BB /* PBXContainerItemProxy */ = {
			isa = PBXContainerItemProxy;
			containerPortal = D9DA287F29C20DE90009183A /* Project object */;
			proxyType = 1;
			remoteGlobalIDString = D9DA288629C20DE90009183A;
			remoteInfo = PokemonsTracker;
		};
/* End PBXContainerItemProxy section */

/* Begin PBXFileReference section */
		D9551A8A29C8907D005103BB /* PokemonsTrackerTests.xctest */ = {isa = PBXFileReference; explicitFileType = wrapper.cfbundle; includeInIndex = 0; path = PokemonsTrackerTests.xctest; sourceTree = BUILT_PRODUCTS_DIR; };
		D9551A8C29C8907D005103BB /* PokemonsTrackerTests.swift */ = {isa = PBXFileReference; lastKnownFileType = sourcecode.swift; path = PokemonsTrackerTests.swift; sourceTree = "<group>"; };
		D9551A9629C904AF005103BB /* TestPokemonListModule.swift */ = {isa = PBXFileReference; lastKnownFileType = sourcecode.swift; path = TestPokemonListModule.swift; sourceTree = "<group>"; };
		D9551A9929C9143A005103BB /* TestCoreDataManager.swift */ = {isa = PBXFileReference; lastKnownFileType = sourcecode.swift; path = TestCoreDataManager.swift; sourceTree = "<group>"; };
		D9551A9B29C91DB5005103BB /* CoreDataStack.swift */ = {isa = PBXFileReference; lastKnownFileType = sourcecode.swift; path = CoreDataStack.swift; sourceTree = "<group>"; };
		D9551A9E29C9BCC8005103BB /* TestApiManager.swift */ = {isa = PBXFileReference; lastKnownFileType = sourcecode.swift; path = TestApiManager.swift; sourceTree = "<group>"; };
		D9551AA029CA35B8005103BB /* ImagesCollectionView.swift */ = {isa = PBXFileReference; lastKnownFileType = sourcecode.swift; path = ImagesCollectionView.swift; sourceTree = "<group>"; };
		D9551AA329CA37B8005103BB /* ImagesCollectionViewCell.swift */ = {isa = PBXFileReference; lastKnownFileType = sourcecode.swift; path = ImagesCollectionViewCell.swift; sourceTree = "<group>"; };
		D958432529C4637300728063 /* ModuleBuilder.swift */ = {isa = PBXFileReference; lastKnownFileType = sourcecode.swift; path = ModuleBuilder.swift; sourceTree = "<group>"; };
		D958432829C4B5E200728063 /* PokemonInfoViewController.swift */ = {isa = PBXFileReference; lastKnownFileType = sourcecode.swift; path = PokemonInfoViewController.swift; sourceTree = "<group>"; };
		D958432B29C4B5FB00728063 /* PokemonInfoPresenter.swift */ = {isa = PBXFileReference; lastKnownFileType = sourcecode.swift; path = PokemonInfoPresenter.swift; sourceTree = "<group>"; };
		D958432E29C4F68000728063 /* UIImageViewExtension.swift */ = {isa = PBXFileReference; lastKnownFileType = sourcecode.swift; path = UIImageViewExtension.swift; sourceTree = "<group>"; };
		D958433629C63B2700728063 /* CoreDataManager.swift */ = {isa = PBXFileReference; lastKnownFileType = sourcecode.swift; path = CoreDataManager.swift; sourceTree = "<group>"; };
		D9A5507029C736250036556D /* PokemonModel.xcdatamodel */ = {isa = PBXFileReference; lastKnownFileType = wrapper.xcdatamodel; path = PokemonModel.xcdatamodel; sourceTree = "<group>"; };
		D9B7B8D629C7B32B008440EE /* PokemonInfo.swift */ = {isa = PBXFileReference; lastKnownFileType = sourcecode.swift; path = PokemonInfo.swift; sourceTree = "<group>"; };
		D9BCA80029C746AE00792E58 /* PokemonListApiModel.swift */ = {isa = PBXFileReference; fileEncoding = 4; lastKnownFileType = sourcecode.swift; path = PokemonListApiModel.swift; sourceTree = "<group>"; };
		D9BCA80229C746B500792E58 /* PokemonInfoApiModel.swift */ = {isa = PBXFileReference; fileEncoding = 4; lastKnownFileType = sourcecode.swift; path = PokemonInfoApiModel.swift; sourceTree = "<group>"; };
		D9BCA80F29C7502600792E58 /* PokemonList.swift */ = {isa = PBXFileReference; lastKnownFileType = sourcecode.swift; path = PokemonList.swift; sourceTree = "<group>"; };
		D9BCA81129C79E4700792E58 /* Reachability.swift */ = {isa = PBXFileReference; lastKnownFileType = sourcecode.swift; path = Reachability.swift; sourceTree = "<group>"; };
		D9DA288729C20DE90009183A /* PokemonsTracker.app */ = {isa = PBXFileReference; explicitFileType = wrapper.application; includeInIndex = 0; path = PokemonsTracker.app; sourceTree = BUILT_PRODUCTS_DIR; };
		D9DA288A29C20DE90009183A /* AppDelegate.swift */ = {isa = PBXFileReference; lastKnownFileType = sourcecode.swift; path = AppDelegate.swift; sourceTree = "<group>"; };
		D9DA288C29C20DE90009183A /* SceneDelegate.swift */ = {isa = PBXFileReference; lastKnownFileType = sourcecode.swift; path = SceneDelegate.swift; sourceTree = "<group>"; };
		D9DA288E29C20DE90009183A /* PokemonListViewController.swift */ = {isa = PBXFileReference; lastKnownFileType = sourcecode.swift; path = PokemonListViewController.swift; sourceTree = "<group>"; };
		D9DA289329C20DEE0009183A /* Assets.xcassets */ = {isa = PBXFileReference; lastKnownFileType = folder.assetcatalog; path = Assets.xcassets; sourceTree = "<group>"; };
		D9DA289629C20DEE0009183A /* Base */ = {isa = PBXFileReference; lastKnownFileType = file.storyboard; name = Base; path = Base.lproj/LaunchScreen.storyboard; sourceTree = "<group>"; };
		D9DA289829C20DEE0009183A /* Info.plist */ = {isa = PBXFileReference; lastKnownFileType = text.plist.xml; path = Info.plist; sourceTree = "<group>"; };
		D9DA28A529C2F7F90009183A /* PokemonListPresenter.swift */ = {isa = PBXFileReference; lastKnownFileType = sourcecode.swift; path = PokemonListPresenter.swift; sourceTree = "<group>"; };
		D9DA28AB29C2FC910009183A /* PokemonTableViewCell.swift */ = {isa = PBXFileReference; lastKnownFileType = sourcecode.swift; path = PokemonTableViewCell.swift; sourceTree = "<group>"; };
		D9DA28AF29C3069E0009183A /* UIViewExtension.swift */ = {isa = PBXFileReference; lastKnownFileType = sourcecode.swift; path = UIViewExtension.swift; sourceTree = "<group>"; };
		D9DA28B229C367D10009183A /* ApiManager.swift */ = {isa = PBXFileReference; lastKnownFileType = sourcecode.swift; path = ApiManager.swift; sourceTree = "<group>"; };
/* End PBXFileReference section */

/* Begin PBXFrameworksBuildPhase section */
		D9551A8729C8907D005103BB /* Frameworks */ = {
			isa = PBXFrameworksBuildPhase;
			buildActionMask = 2147483647;
			files = (
			);
			runOnlyForDeploymentPostprocessing = 0;
		};
		D9DA288429C20DE90009183A /* Frameworks */ = {
			isa = PBXFrameworksBuildPhase;
			buildActionMask = 2147483647;
			files = (
			);
			runOnlyForDeploymentPostprocessing = 0;
		};
/* End PBXFrameworksBuildPhase section */

/* Begin PBXGroup section */
		D9551A8B29C8907D005103BB /* PokemonsTrackerTests */ = {
			isa = PBXGroup;
			children = (
				D9551A9D29C9BCAA005103BB /* TestApiManager */,
				D9551A9829C9140B005103BB /* TestCoreDataManager */,
				D9551A9329C903DA005103BB /* TestPokemonListModule */,
				D9551A8C29C8907D005103BB /* PokemonsTrackerTests.swift */,
			);
			path = PokemonsTrackerTests;
			sourceTree = "<group>";
		};
		D9551A9329C903DA005103BB /* TestPokemonListModule */ = {
			isa = PBXGroup;
			children = (
				D9551A9629C904AF005103BB /* TestPokemonListModule.swift */,
			);
			path = TestPokemonListModule;
			sourceTree = "<group>";
		};
		D9551A9829C9140B005103BB /* TestCoreDataManager */ = {
			isa = PBXGroup;
			children = (
				D9551A9929C9143A005103BB /* TestCoreDataManager.swift */,
			);
			path = TestCoreDataManager;
			sourceTree = "<group>";
		};
		D9551A9D29C9BCAA005103BB /* TestApiManager */ = {
			isa = PBXGroup;
			children = (
				D9551A9E29C9BCC8005103BB /* TestApiManager.swift */,
			);
			path = TestApiManager;
			sourceTree = "<group>";
		};
		D9551AA229CA3783005103BB /* CollectionView */ = {
			isa = PBXGroup;
			children = (
				D9551AA029CA35B8005103BB /* ImagesCollectionView.swift */,
				D9551AA329CA37B8005103BB /* ImagesCollectionViewCell.swift */,
			);
			path = CollectionView;
			sourceTree = "<group>";
		};
		D958432729C4B5B400728063 /* PokemonInfoModule */ = {
			isa = PBXGroup;
			children = (
				D958432D29C4B60100728063 /* Presenter */,
				D958432A29C4B5E800728063 /* View */,
			);
			path = PokemonInfoModule;
			sourceTree = "<group>";
		};
		D958432A29C4B5E800728063 /* View */ = {
			isa = PBXGroup;
			children = (
				D9551AA229CA3783005103BB /* CollectionView */,
				D958432829C4B5E200728063 /* PokemonInfoViewController.swift */,
			);
			path = View;
			sourceTree = "<group>";
		};
		D958432D29C4B60100728063 /* Presenter */ = {
			isa = PBXGroup;
			children = (
				D958432B29C4B5FB00728063 /* PokemonInfoPresenter.swift */,
			);
			path = Presenter;
			sourceTree = "<group>";
		};
		D958433029C6155400728063 /* Model */ = {
			isa = PBXGroup;
			children = (
				D9BCA80229C746B500792E58 /* PokemonInfoApiModel.swift */,
				D9BCA80029C746AE00792E58 /* PokemonListApiModel.swift */,
			);
			path = Model;
			sourceTree = "<group>";
		};
		D958433129C63AC900728063 /* Networking */ = {
			isa = PBXGroup;
			children = (
				D958433029C6155400728063 /* Model */,
				D9DA28B229C367D10009183A /* ApiManager.swift */,
				D9BCA81129C79E4700792E58 /* Reachability.swift */,
			);
			path = Networking;
			sourceTree = "<group>";
		};
		D958433229C63AD800728063 /* CoreData */ = {
			isa = PBXGroup;
			children = (
				D9BCA80429C74BDF00792E58 /* Model */,
				D958433629C63B2700728063 /* CoreDataManager.swift */,
				D9551A9B29C91DB5005103BB /* CoreDataStack.swift */,
				D9A5506F29C736250036556D /* PokemonModel.xcdatamodeld */,
			);
			path = CoreData;
			sourceTree = "<group>";
		};
		D9A5506A29C707FA0036556D /* Modules */ = {
			isa = PBXGroup;
			children = (
				D958432529C4637300728063 /* ModuleBuilder.swift */,
				D958432729C4B5B400728063 /* PokemonInfoModule */,
				D9DA28A429C237110009183A /* PokemonListModule */,
			);
			path = Modules;
			sourceTree = "<group>";
		};
		D9BCA80429C74BDF00792E58 /* Model */ = {
			isa = PBXGroup;
			children = (
				D9BCA80F29C7502600792E58 /* PokemonList.swift */,
				D9B7B8D629C7B32B008440EE /* PokemonInfo.swift */,
			);
			path = Model;
			sourceTree = "<group>";
		};
		D9DA287E29C20DE90009183A = {
			isa = PBXGroup;
			children = (
				D9DA288929C20DE90009183A /* PokemonsTracker */,
				D9551A8B29C8907D005103BB /* PokemonsTrackerTests */,
				D9DA288829C20DE90009183A /* Products */,
			);
			sourceTree = "<group>";
		};
		D9DA288829C20DE90009183A /* Products */ = {
			isa = PBXGroup;
			children = (
				D9DA288729C20DE90009183A /* PokemonsTracker.app */,
				D9551A8A29C8907D005103BB /* PokemonsTrackerTests.xctest */,
			);
			name = Products;
			sourceTree = "<group>";
		};
		D9DA288929C20DE90009183A /* PokemonsTracker */ = {
			isa = PBXGroup;
			children = (
				D9A5506A29C707FA0036556D /* Modules */,
				D9DA28B129C367A20009183A /* ServiceLayer */,
				D9DA28AE29C306840009183A /* Extensions */,
				D9DA28A329C231C00009183A /* SystemFiles */,
				D9DA28A229C231960009183A /* Resources */,
			);
			path = PokemonsTracker;
			sourceTree = "<group>";
		};
		D9DA28A229C231960009183A /* Resources */ = {
			isa = PBXGroup;
			children = (
				D9DA289529C20DEE0009183A /* LaunchScreen.storyboard */,
				D9DA289329C20DEE0009183A /* Assets.xcassets */,
			);
			path = Resources;
			sourceTree = "<group>";
		};
		D9DA28A329C231C00009183A /* SystemFiles */ = {
			isa = PBXGroup;
			children = (
				D9DA289829C20DEE0009183A /* Info.plist */,
				D9DA288C29C20DE90009183A /* SceneDelegate.swift */,
				D9DA288A29C20DE90009183A /* AppDelegate.swift */,
			);
			path = SystemFiles;
			sourceTree = "<group>";
		};
		D9DA28A429C237110009183A /* PokemonListModule */ = {
			isa = PBXGroup;
			children = (
				D9DA28A829C2FAA10009183A /* Presenter */,
				D9DA28A729C2FA9A0009183A /* View */,
			);
			path = PokemonListModule;
			sourceTree = "<group>";
		};
		D9DA28A729C2FA9A0009183A /* View */ = {
			isa = PBXGroup;
			children = (
				D9DA28AA29C2FC5D0009183A /* Cell */,
				D9DA288E29C20DE90009183A /* PokemonListViewController.swift */,
			);
			path = View;
			sourceTree = "<group>";
		};
		D9DA28A829C2FAA10009183A /* Presenter */ = {
			isa = PBXGroup;
			children = (
				D9DA28A529C2F7F90009183A /* PokemonListPresenter.swift */,
			);
			path = Presenter;
			sourceTree = "<group>";
		};
		D9DA28AA29C2FC5D0009183A /* Cell */ = {
			isa = PBXGroup;
			children = (
				D9DA28AB29C2FC910009183A /* PokemonTableViewCell.swift */,
			);
			path = Cell;
			sourceTree = "<group>";
		};
		D9DA28AE29C306840009183A /* Extensions */ = {
			isa = PBXGroup;
			children = (
				D9DA28AF29C3069E0009183A /* UIViewExtension.swift */,
				D958432E29C4F68000728063 /* UIImageViewExtension.swift */,
			);
			path = Extensions;
			sourceTree = "<group>";
		};
		D9DA28B129C367A20009183A /* ServiceLayer */ = {
			isa = PBXGroup;
			children = (
				D958433229C63AD800728063 /* CoreData */,
				D958433129C63AC900728063 /* Networking */,
			);
			path = ServiceLayer;
			sourceTree = "<group>";
		};
/* End PBXGroup section */

/* Begin PBXNativeTarget section */
		D9551A8929C8907D005103BB /* PokemonsTrackerTests */ = {
			isa = PBXNativeTarget;
			buildConfigurationList = D9551A9229C8907E005103BB /* Build configuration list for PBXNativeTarget "PokemonsTrackerTests" */;
			buildPhases = (
				D9551A8629C8907D005103BB /* Sources */,
				D9551A8729C8907D005103BB /* Frameworks */,
				D9551A8829C8907D005103BB /* Resources */,
			);
			buildRules = (
			);
			dependencies = (
				D9551A8F29C8907D005103BB /* PBXTargetDependency */,
			);
			name = PokemonsTrackerTests;
			productName = PokemonsTrackerTests;
			productReference = D9551A8A29C8907D005103BB /* PokemonsTrackerTests.xctest */;
			productType = "com.apple.product-type.bundle.unit-test";
		};
		D9DA288629C20DE90009183A /* PokemonsTracker */ = {
			isa = PBXNativeTarget;
			buildConfigurationList = D9DA289B29C20DEE0009183A /* Build configuration list for PBXNativeTarget "PokemonsTracker" */;
			buildPhases = (
				D9DA288329C20DE90009183A /* Sources */,
				D9DA288429C20DE90009183A /* Frameworks */,
				D9DA288529C20DE90009183A /* Resources */,
			);
			buildRules = (
			);
			dependencies = (
			);
			name = PokemonsTracker;
			productName = PokemonsTracker;
			productReference = D9DA288729C20DE90009183A /* PokemonsTracker.app */;
			productType = "com.apple.product-type.application";
		};
/* End PBXNativeTarget section */

/* Begin PBXProject section */
		D9DA287F29C20DE90009183A /* Project object */ = {
			isa = PBXProject;
			attributes = {
				BuildIndependentTargetsInParallel = 1;
				LastSwiftUpdateCheck = 1420;
				LastUpgradeCheck = 1420;
				TargetAttributes = {
					D9551A8929C8907D005103BB = {
						CreatedOnToolsVersion = 14.2;
						TestTargetID = D9DA288629C20DE90009183A;
					};
					D9DA288629C20DE90009183A = {
						CreatedOnToolsVersion = 14.2;
					};
				};
			};
			buildConfigurationList = D9DA288229C20DE90009183A /* Build configuration list for PBXProject "PokemonsTracker" */;
			compatibilityVersion = "Xcode 14.0";
			developmentRegion = en;
			hasScannedForEncodings = 0;
			knownRegions = (
				en,
				Base,
			);
			mainGroup = D9DA287E29C20DE90009183A;
			productRefGroup = D9DA288829C20DE90009183A /* Products */;
			projectDirPath = "";
			projectRoot = "";
			targets = (
				D9DA288629C20DE90009183A /* PokemonsTracker */,
				D9551A8929C8907D005103BB /* PokemonsTrackerTests */,
			);
		};
/* End PBXProject section */

/* Begin PBXResourcesBuildPhase section */
		D9551A8829C8907D005103BB /* Resources */ = {
			isa = PBXResourcesBuildPhase;
			buildActionMask = 2147483647;
			files = (
			);
			runOnlyForDeploymentPostprocessing = 0;
		};
		D9DA288529C20DE90009183A /* Resources */ = {
			isa = PBXResourcesBuildPhase;
			buildActionMask = 2147483647;
			files = (
				D9DA289729C20DEE0009183A /* LaunchScreen.storyboard in Resources */,
				D9DA289429C20DEE0009183A /* Assets.xcassets in Resources */,
			);
			runOnlyForDeploymentPostprocessing = 0;
		};
/* End PBXResourcesBuildPhase section */

/* Begin PBXSourcesBuildPhase section */
		D9551A8629C8907D005103BB /* Sources */ = {
			isa = PBXSourcesBuildPhase;
			buildActionMask = 2147483647;
			files = (
				D9551A9F29C9BCC8005103BB /* TestApiManager.swift in Sources */,
				D9551A8D29C8907D005103BB /* PokemonsTrackerTests.swift in Sources */,
				D9551A9A29C9143A005103BB /* TestCoreDataManager.swift in Sources */,
				D9551A9729C904AF005103BB /* TestPokemonListModule.swift in Sources */,
			);
			runOnlyForDeploymentPostprocessing = 0;
		};
		D9DA288329C20DE90009183A /* Sources */ = {
			isa = PBXSourcesBuildPhase;
			buildActionMask = 2147483647;
			files = (
				D9DA288F29C20DE90009183A /* PokemonListViewController.swift in Sources */,
				D9DA28B329C367D10009183A /* ApiManager.swift in Sources */,
				D9BCA80129C746AE00792E58 /* PokemonListApiModel.swift in Sources */,
				D9BCA81029C7502600792E58 /* PokemonList.swift in Sources */,
				D9DA28AC29C2FC910009183A /* PokemonTableViewCell.swift in Sources */,
				D9B7B8D729C7B32B008440EE /* PokemonInfo.swift in Sources */,
				D9BCA80329C746B500792E58 /* PokemonInfoApiModel.swift in Sources */,
				D9BCA81229C79E4700792E58 /* Reachability.swift in Sources */,
				D9551A9C29C91DB5005103BB /* CoreDataStack.swift in Sources */,
				D958433729C63B2700728063 /* CoreDataManager.swift in Sources */,
				D958432629C4637300728063 /* ModuleBuilder.swift in Sources */,
				D958432C29C4B5FB00728063 /* PokemonInfoPresenter.swift in Sources */,
				D9DA288B29C20DE90009183A /* AppDelegate.swift in Sources */,
				D9DA28A629C2F7F90009183A /* PokemonListPresenter.swift in Sources */,
				D9551AA129CA35B8005103BB /* ImagesCollectionView.swift in Sources */,
				D9DA28B029C3069E0009183A /* UIViewExtension.swift in Sources */,
				D9A5507129C736250036556D /* PokemonModel.xcdatamodeld in Sources */,
				D958432929C4B5E200728063 /* PokemonInfoViewController.swift in Sources */,
				D958432F29C4F68000728063 /* UIImageViewExtension.swift in Sources */,
				D9551AA429CA37B8005103BB /* ImagesCollectionViewCell.swift in Sources */,
				D9DA288D29C20DE90009183A /* SceneDelegate.swift in Sources */,
			);
			runOnlyForDeploymentPostprocessing = 0;
		};
/* End PBXSourcesBuildPhase section */

/* Begin PBXTargetDependency section */
		D9551A8F29C8907D005103BB /* PBXTargetDependency */ = {
			isa = PBXTargetDependency;
			target = D9DA288629C20DE90009183A /* PokemonsTracker */;
			targetProxy = D9551A8E29C8907D005103BB /* PBXContainerItemProxy */;
		};
/* End PBXTargetDependency section */

/* Begin PBXVariantGroup section */
		D9DA289529C20DEE0009183A /* LaunchScreen.storyboard */ = {
			isa = PBXVariantGroup;
			children = (
				D9DA289629C20DEE0009183A /* Base */,
			);
			name = LaunchScreen.storyboard;
			sourceTree = "<group>";
		};
/* End PBXVariantGroup section */

/* Begin XCBuildConfiguration section */
		D9551A9029C8907D005103BB /* Debug */ = {
			isa = XCBuildConfiguration;
			buildSettings = {
				BUNDLE_LOADER = "$(TEST_HOST)";
				CODE_SIGN_STYLE = Automatic;
				CURRENT_PROJECT_VERSION = 1;
				DEVELOPMENT_TEAM = 7R3TS4GF4D;
				GENERATE_INFOPLIST_FILE = YES;
				MARKETING_VERSION = 1.0;
				PRODUCT_BUNDLE_IDENTIFIER = com.solntse.PokemonsTrackerTests;
				PRODUCT_NAME = "$(TARGET_NAME)";
				SWIFT_EMIT_LOC_STRINGS = NO;
				SWIFT_VERSION = 5.0;
				TARGETED_DEVICE_FAMILY = "1,2";
				TEST_HOST = "$(BUILT_PRODUCTS_DIR)/PokemonsTracker.app/$(BUNDLE_EXECUTABLE_FOLDER_PATH)/PokemonsTracker";
			};
			name = Debug;
		};
		D9551A9129C8907D005103BB /* Release */ = {
			isa = XCBuildConfiguration;
			buildSettings = {
				BUNDLE_LOADER = "$(TEST_HOST)";
				CODE_SIGN_STYLE = Automatic;
				CURRENT_PROJECT_VERSION = 1;
				DEVELOPMENT_TEAM = 7R3TS4GF4D;
				GENERATE_INFOPLIST_FILE = YES;
				MARKETING_VERSION = 1.0;
				PRODUCT_BUNDLE_IDENTIFIER = com.solntse.PokemonsTrackerTests;
				PRODUCT_NAME = "$(TARGET_NAME)";
				SWIFT_EMIT_LOC_STRINGS = NO;
				SWIFT_VERSION = 5.0;
				TARGETED_DEVICE_FAMILY = "1,2";
				TEST_HOST = "$(BUILT_PRODUCTS_DIR)/PokemonsTracker.app/$(BUNDLE_EXECUTABLE_FOLDER_PATH)/PokemonsTracker";
			};
			name = Release;
		};
		D9DA289929C20DEE0009183A /* Debug */ = {
			isa = XCBuildConfiguration;
			buildSettings = {
				ALWAYS_SEARCH_USER_PATHS = NO;
				CLANG_ANALYZER_NONNULL = YES;
				CLANG_ANALYZER_NUMBER_OBJECT_CONVERSION = YES_AGGRESSIVE;
				CLANG_CXX_LANGUAGE_STANDARD = "gnu++20";
				CLANG_ENABLE_MODULES = YES;
				CLANG_ENABLE_OBJC_ARC = YES;
				CLANG_ENABLE_OBJC_WEAK = YES;
				CLANG_WARN_BLOCK_CAPTURE_AUTORELEASING = YES;
				CLANG_WARN_BOOL_CONVERSION = YES;
				CLANG_WARN_COMMA = YES;
				CLANG_WARN_CONSTANT_CONVERSION = YES;
				CLANG_WARN_DEPRECATED_OBJC_IMPLEMENTATIONS = YES;
				CLANG_WARN_DIRECT_OBJC_ISA_USAGE = YES_ERROR;
				CLANG_WARN_DOCUMENTATION_COMMENTS = YES;
				CLANG_WARN_EMPTY_BODY = YES;
				CLANG_WARN_ENUM_CONVERSION = YES;
				CLANG_WARN_INFINITE_RECURSION = YES;
				CLANG_WARN_INT_CONVERSION = YES;
				CLANG_WARN_NON_LITERAL_NULL_CONVERSION = YES;
				CLANG_WARN_OBJC_IMPLICIT_RETAIN_SELF = YES;
				CLANG_WARN_OBJC_LITERAL_CONVERSION = YES;
				CLANG_WARN_OBJC_ROOT_CLASS = YES_ERROR;
				CLANG_WARN_QUOTED_INCLUDE_IN_FRAMEWORK_HEADER = YES;
				CLANG_WARN_RANGE_LOOP_ANALYSIS = YES;
				CLANG_WARN_STRICT_PROTOTYPES = YES;
				CLANG_WARN_SUSPICIOUS_MOVE = YES;
				CLANG_WARN_UNGUARDED_AVAILABILITY = YES_AGGRESSIVE;
				CLANG_WARN_UNREACHABLE_CODE = YES;
				CLANG_WARN__DUPLICATE_METHOD_MATCH = YES;
				COPY_PHASE_STRIP = NO;
				DEBUG_INFORMATION_FORMAT = dwarf;
				ENABLE_STRICT_OBJC_MSGSEND = YES;
				ENABLE_TESTABILITY = YES;
				GCC_C_LANGUAGE_STANDARD = gnu11;
				GCC_DYNAMIC_NO_PIC = NO;
				GCC_NO_COMMON_BLOCKS = YES;
				GCC_OPTIMIZATION_LEVEL = 0;
				GCC_PREPROCESSOR_DEFINITIONS = (
					"DEBUG=1",
					"$(inherited)",
				);
				GCC_WARN_64_TO_32_BIT_CONVERSION = YES;
				GCC_WARN_ABOUT_RETURN_TYPE = YES_ERROR;
				GCC_WARN_UNDECLARED_SELECTOR = YES;
				GCC_WARN_UNINITIALIZED_AUTOS = YES_AGGRESSIVE;
				GCC_WARN_UNUSED_FUNCTION = YES;
				GCC_WARN_UNUSED_VARIABLE = YES;
				IPHONEOS_DEPLOYMENT_TARGET = 16.2;
				MTL_ENABLE_DEBUG_INFO = INCLUDE_SOURCE;
				MTL_FAST_MATH = YES;
				ONLY_ACTIVE_ARCH = YES;
				SDKROOT = iphoneos;
				SWIFT_ACTIVE_COMPILATION_CONDITIONS = DEBUG;
				SWIFT_OPTIMIZATION_LEVEL = "-Onone";
			};
			name = Debug;
		};
		D9DA289A29C20DEE0009183A /* Release */ = {
			isa = XCBuildConfiguration;
			buildSettings = {
				ALWAYS_SEARCH_USER_PATHS = NO;
				CLANG_ANALYZER_NONNULL = YES;
				CLANG_ANALYZER_NUMBER_OBJECT_CONVERSION = YES_AGGRESSIVE;
				CLANG_CXX_LANGUAGE_STANDARD = "gnu++20";
				CLANG_ENABLE_MODULES = YES;
				CLANG_ENABLE_OBJC_ARC = YES;
				CLANG_ENABLE_OBJC_WEAK = YES;
				CLANG_WARN_BLOCK_CAPTURE_AUTORELEASING = YES;
				CLANG_WARN_BOOL_CONVERSION = YES;
				CLANG_WARN_COMMA = YES;
				CLANG_WARN_CONSTANT_CONVERSION = YES;
				CLANG_WARN_DEPRECATED_OBJC_IMPLEMENTATIONS = YES;
				CLANG_WARN_DIRECT_OBJC_ISA_USAGE = YES_ERROR;
				CLANG_WARN_DOCUMENTATION_COMMENTS = YES;
				CLANG_WARN_EMPTY_BODY = YES;
				CLANG_WARN_ENUM_CONVERSION = YES;
				CLANG_WARN_INFINITE_RECURSION = YES;
				CLANG_WARN_INT_CONVERSION = YES;
				CLANG_WARN_NON_LITERAL_NULL_CONVERSION = YES;
				CLANG_WARN_OBJC_IMPLICIT_RETAIN_SELF = YES;
				CLANG_WARN_OBJC_LITERAL_CONVERSION = YES;
				CLANG_WARN_OBJC_ROOT_CLASS = YES_ERROR;
				CLANG_WARN_QUOTED_INCLUDE_IN_FRAMEWORK_HEADER = YES;
				CLANG_WARN_RANGE_LOOP_ANALYSIS = YES;
				CLANG_WARN_STRICT_PROTOTYPES = YES;
				CLANG_WARN_SUSPICIOUS_MOVE = YES;
				CLANG_WARN_UNGUARDED_AVAILABILITY = YES_AGGRESSIVE;
				CLANG_WARN_UNREACHABLE_CODE = YES;
				CLANG_WARN__DUPLICATE_METHOD_MATCH = YES;
				COPY_PHASE_STRIP = NO;
				DEBUG_INFORMATION_FORMAT = "dwarf-with-dsym";
				ENABLE_NS_ASSERTIONS = NO;
				ENABLE_STRICT_OBJC_MSGSEND = YES;
				GCC_C_LANGUAGE_STANDARD = gnu11;
				GCC_NO_COMMON_BLOCKS = YES;
				GCC_WARN_64_TO_32_BIT_CONVERSION = YES;
				GCC_WARN_ABOUT_RETURN_TYPE = YES_ERROR;
				GCC_WARN_UNDECLARED_SELECTOR = YES;
				GCC_WARN_UNINITIALIZED_AUTOS = YES_AGGRESSIVE;
				GCC_WARN_UNUSED_FUNCTION = YES;
				GCC_WARN_UNUSED_VARIABLE = YES;
				IPHONEOS_DEPLOYMENT_TARGET = 16.2;
				MTL_ENABLE_DEBUG_INFO = NO;
				MTL_FAST_MATH = YES;
				SDKROOT = iphoneos;
				SWIFT_COMPILATION_MODE = wholemodule;
				SWIFT_OPTIMIZATION_LEVEL = "-O";
				VALIDATE_PRODUCT = YES;
			};
			name = Release;
		};
		D9DA289C29C20DEE0009183A /* Debug */ = {
			isa = XCBuildConfiguration;
			buildSettings = {
				ASSETCATALOG_COMPILER_APPICON_NAME = AppIcon;
				ASSETCATALOG_COMPILER_GLOBAL_ACCENT_COLOR_NAME = AccentColor;
				CODE_SIGN_STYLE = Automatic;
				CURRENT_PROJECT_VERSION = 1;
				DEVELOPMENT_TEAM = 7R3TS4GF4D;
				GENERATE_INFOPLIST_FILE = YES;
				INFOPLIST_FILE = PokemonsTracker/SystemFiles/Info.plist;
				INFOPLIST_KEY_UIApplicationSupportsIndirectInputEvents = YES;
				INFOPLIST_KEY_UILaunchStoryboardName = LaunchScreen;
				INFOPLIST_KEY_UISupportedInterfaceOrientations_iPad = "UIInterfaceOrientationPortrait UIInterfaceOrientationPortraitUpsideDown UIInterfaceOrientationLandscapeLeft UIInterfaceOrientationLandscapeRight";
				INFOPLIST_KEY_UISupportedInterfaceOrientations_iPhone = "UIInterfaceOrientationPortrait UIInterfaceOrientationLandscapeLeft UIInterfaceOrientationLandscapeRight";
				LD_RUNPATH_SEARCH_PATHS = (
					"$(inherited)",
					"@executable_path/Frameworks",
				);
				MARKETING_VERSION = 1.0;
				PRODUCT_BUNDLE_IDENTIFIER = com.solntse.PokemonsTracker;
				PRODUCT_NAME = "$(TARGET_NAME)";
				SWIFT_EMIT_LOC_STRINGS = YES;
				SWIFT_VERSION = 5.0;
				TARGETED_DEVICE_FAMILY = "1,2";
			};
			name = Debug;
		};
		D9DA289D29C20DEE0009183A /* Release */ = {
			isa = XCBuildConfiguration;
			buildSettings = {
				ASSETCATALOG_COMPILER_APPICON_NAME = AppIcon;
				ASSETCATALOG_COMPILER_GLOBAL_ACCENT_COLOR_NAME = AccentColor;
				CODE_SIGN_STYLE = Automatic;
				CURRENT_PROJECT_VERSION = 1;
				DEVELOPMENT_TEAM = 7R3TS4GF4D;
				GENERATE_INFOPLIST_FILE = YES;
				INFOPLIST_FILE = PokemonsTracker/SystemFiles/Info.plist;
				INFOPLIST_KEY_UIApplicationSupportsIndirectInputEvents = YES;
				INFOPLIST_KEY_UILaunchStoryboardName = LaunchScreen;
				INFOPLIST_KEY_UISupportedInterfaceOrientations_iPad = "UIInterfaceOrientationPortrait UIInterfaceOrientationPortraitUpsideDown UIInterfaceOrientationLandscapeLeft UIInterfaceOrientationLandscapeRight";
				INFOPLIST_KEY_UISupportedInterfaceOrientations_iPhone = "UIInterfaceOrientationPortrait UIInterfaceOrientationLandscapeLeft UIInterfaceOrientationLandscapeRight";
				LD_RUNPATH_SEARCH_PATHS = (
					"$(inherited)",
					"@executable_path/Frameworks",
				);
				MARKETING_VERSION = 1.0;
				PRODUCT_BUNDLE_IDENTIFIER = com.solntse.PokemonsTracker;
				PRODUCT_NAME = "$(TARGET_NAME)";
				SWIFT_EMIT_LOC_STRINGS = YES;
				SWIFT_VERSION = 5.0;
				TARGETED_DEVICE_FAMILY = "1,2";
			};
			name = Release;
		};
/* End XCBuildConfiguration section */

/* Begin XCConfigurationList section */
		D9551A9229C8907E005103BB /* Build configuration list for PBXNativeTarget "PokemonsTrackerTests" */ = {
			isa = XCConfigurationList;
			buildConfigurations = (
				D9551A9029C8907D005103BB /* Debug */,
				D9551A9129C8907D005103BB /* Release */,
			);
			defaultConfigurationIsVisible = 0;
			defaultConfigurationName = Release;
		};
		D9DA288229C20DE90009183A /* Build configuration list for PBXProject "PokemonsTracker" */ = {
			isa = XCConfigurationList;
			buildConfigurations = (
				D9DA289929C20DEE0009183A /* Debug */,
				D9DA289A29C20DEE0009183A /* Release */,
			);
			defaultConfigurationIsVisible = 0;
			defaultConfigurationName = Release;
		};
		D9DA289B29C20DEE0009183A /* Build configuration list for PBXNativeTarget "PokemonsTracker" */ = {
			isa = XCConfigurationList;
			buildConfigurations = (
				D9DA289C29C20DEE0009183A /* Debug */,
				D9DA289D29C20DEE0009183A /* Release */,
			);
			defaultConfigurationIsVisible = 0;
			defaultConfigurationName = Release;
		};
/* End XCConfigurationList section */

/* Begin XCVersionGroup section */
		D9A5506F29C736250036556D /* PokemonModel.xcdatamodeld */ = {
			isa = XCVersionGroup;
			children = (
				D9A5507029C736250036556D /* PokemonModel.xcdatamodel */,
			);
			currentVersion = D9A5507029C736250036556D /* PokemonModel.xcdatamodel */;
			path = PokemonModel.xcdatamodeld;
			sourceTree = "<group>";
			versionGroupType = wrapper.xcdatamodel;
		};
/* End XCVersionGroup section */
	};
	rootObject = D9DA287F29C20DE90009183A /* Project object */;
}
